
Microsoft Visual Studio Solution File, Format Version 12.00
# Visual Studio Version 16
VisualStudioVersion = 16.0.29613.14
MinimumVisualStudioVersion = 10.0.40219.1
Project("{9A19103F-16F7-4668-BE54-9A1E7A4F7556}") = "books-api", "books-api\books-api.csproj", "{EC1A6224-D7E3-4AA0-9CD1-AF875373B840}"
EndProject
Project("{FAE04EC0-301F-11D3-BF4B-00C04F79EFBC}") = "Tests", "Tests\Tests.csproj", "{1FB06843-73A7-42F1-A615-F1466D5A56FC}"
EndProject
Global
	GlobalSection(SolutionConfigurationPlatforms) = preSolution
		Debug|Any CPU = Debug|Any CPU
		Release|Any CPU = Release|Any CPU
	EndGlobalSection
	GlobalSection(ProjectConfigurationPlatforms) = postSolution
		{EC1A6224-D7E3-4AA0-9CD1-AF875373B840}.Debug|Any CPU.ActiveCfg = Debug|Any CPU
		{EC1A6224-D7E3-4AA0-9CD1-AF875373B840}.Debug|Any CPU.Build.0 = Debug|Any CPU
		{EC1A6224-D7E3-4AA0-9CD1-AF875373B840}.Release|Any CPU.ActiveCfg = Release|Any CPU
		{EC1A6224-D7E3-4AA0-9CD1-AF875373B840}.Release|Any CPU.Build.0 = Release|Any CPU
		{1FB06843-73A7-42F1-A615-F1466D5A56FC}.Debug|Any CPU.ActiveCfg = Debug|Any CPU
		{1FB06843-73A7-42F1-A615-F1466D5A56FC}.Debug|Any CPU.Build.0 = Debug|Any CPU
		{1FB06843-73A7-42F1-A615-F1466D5A56FC}.Release|Any CPU.ActiveCfg = Release|Any CPU
		{1FB06843-73A7-42F1-A615-F1466D5A56FC}.Release|Any CPU.Build.0 = Release|Any CPU
	EndGlobalSection
	GlobalSection(SolutionProperties) = preSolution
		HideSolutionNode = FALSE
	EndGlobalSection
	GlobalSection(ExtensibilityGlobals) = postSolution
		SolutionGuid = {574F93E6-5DDA-40C1-B31C-ABC20BE00C6E}
	EndGlobalSection
EndGlobal
